// !$*UTF8*$!
{
	archiveVersion = 1;
	classes = {
	};
	objectVersion = 55;
	objects = {

/* Begin PBXBuildFile section */
		391867932A1886C50055A9EA /* AppDelegate.swift in Sources */ = {isa = PBXBuildFile; fileRef = 391867922A1886C50055A9EA /* AppDelegate.swift */; };
		391867952A1886C50055A9EA /* SceneDelegate.swift in Sources */ = {isa = PBXBuildFile; fileRef = 391867942A1886C50055A9EA /* SceneDelegate.swift */; };
		391867972A1886C50055A9EA /* MainViewController.swift in Sources */ = {isa = PBXBuildFile; fileRef = 391867962A1886C50055A9EA /* MainViewController.swift */; };
		3918679C2A1886C60055A9EA /* Assets.xcassets in Resources */ = {isa = PBXBuildFile; fileRef = 3918679B2A1886C60055A9EA /* Assets.xcassets */; };
		3918679F2A1886C60055A9EA /* LaunchScreen.storyboard in Resources */ = {isa = PBXBuildFile; fileRef = 3918679D2A1886C60055A9EA /* LaunchScreen.storyboard */; };
		391867AB2A188BB10055A9EA /* PhotosCollectionViewCell.swift in Sources */ = {isa = PBXBuildFile; fileRef = 391867AA2A188BB10055A9EA /* PhotosCollectionViewCell.swift */; };
		391867B52A1895560055A9EA /* ImageRequestManager.swift in Sources */ = {isa = PBXBuildFile; fileRef = 391867B42A1895560055A9EA /* ImageRequestManager.swift */; };
		391867B92A18D1DA0055A9EA /* DetailViewController.swift in Sources */ = {isa = PBXBuildFile; fileRef = 391867B82A18D1DA0055A9EA /* DetailViewController.swift */; };
		391867BC2A18E59A0055A9EA /* SDWebImage in Frameworks */ = {isa = PBXBuildFile; productRef = 391867BB2A18E59A0055A9EA /* SDWebImage */; };
/* End PBXBuildFile section */

/* Begin PBXFileReference section */
		3918678F2A1886C50055A9EA /* TestTaskIT-Link.app */ = {isa = PBXFileReference; explicitFileType = wrapper.application; includeInIndex = 0; path = "TestTaskIT-Link.app"; sourceTree = BUILT_PRODUCTS_DIR; };
		391867922A1886C50055A9EA /* AppDelegate.swift */ = {isa = PBXFileReference; lastKnownFileType = sourcecode.swift; path = AppDelegate.swift; sourceTree = "<group>"; };
		391867942A1886C50055A9EA /* SceneDelegate.swift */ = {isa = PBXFileReference; lastKnownFileType = sourcecode.swift; path = SceneDelegate.swift; sourceTree = "<group>"; };
		391867962A1886C50055A9EA /* MainViewController.swift */ = {isa = PBXFileReference; lastKnownFileType = sourcecode.swift; path = MainViewController.swift; sourceTree = "<group>"; };
		3918679B2A1886C60055A9EA /* Assets.xcassets */ = {isa = PBXFileReference; lastKnownFileType = folder.assetcatalog; path = Assets.xcassets; sourceTree = "<group>"; };
		3918679E2A1886C60055A9EA /* Base */ = {isa = PBXFileReference; lastKnownFileType = file.storyboard; name = Base; path = Base.lproj/LaunchScreen.storyboard; sourceTree = "<group>"; };
		391867A02A1886C60055A9EA /* Info.plist */ = {isa = PBXFileReference; lastKnownFileType = text.plist.xml; path = Info.plist; sourceTree = "<group>"; };
		391867AA2A188BB10055A9EA /* PhotosCollectionViewCell.swift */ = {isa = PBXFileReference; lastKnownFileType = sourcecode.swift; path = PhotosCollectionViewCell.swift; sourceTree = "<group>"; };
		391867B42A1895560055A9EA /* ImageRequestManager.swift */ = {isa = PBXFileReference; lastKnownFileType = sourcecode.swift; path = ImageRequestManager.swift; sourceTree = "<group>"; };
		391867B82A18D1DA0055A9EA /* DetailViewController.swift */ = {isa = PBXFileReference; lastKnownFileType = sourcecode.swift; path = DetailViewController.swift; sourceTree = "<group>"; };
/* End PBXFileReference section */

/* Begin PBXFrameworksBuildPhase section */
		3918678C2A1886C50055A9EA /* Frameworks */ = {
			isa = PBXFrameworksBuildPhase;
			buildActionMask = 2147483647;
			files = (
				391867BC2A18E59A0055A9EA /* SDWebImage in Frameworks */,
			);
			runOnlyForDeploymentPostprocessing = 0;
		};
/* End PBXFrameworksBuildPhase section */

/* Begin PBXGroup section */
		391867862A1886C50055A9EA = {
			isa = PBXGroup;
			children = (
				391867912A1886C50055A9EA /* TestTaskIT-Link */,
				391867902A1886C50055A9EA /* Products */,
			);
			sourceTree = "<group>";
		};
		391867902A1886C50055A9EA /* Products */ = {
			isa = PBXGroup;
			children = (
				3918678F2A1886C50055A9EA /* TestTaskIT-Link.app */,
			);
			name = Products;
			sourceTree = "<group>";
		};
		391867912A1886C50055A9EA /* TestTaskIT-Link */ = {
			isa = PBXGroup;
			children = (
				391867A92A188B330055A9EA /* Cells */,
				391867A82A1887D40055A9EA /* Controllers */,
				391867B12A18944A0055A9EA /* API */,
				391867A62A1887930055A9EA /* Application */,
				391867A72A1887AD0055A9EA /* Resources */,
			);
			path = "TestTaskIT-Link";
			sourceTree = "<group>";
		};
		391867A62A1887930055A9EA /* Application */ = {
			isa = PBXGroup;
			children = (
				391867922A1886C50055A9EA /* AppDelegate.swift */,
				391867942A1886C50055A9EA /* SceneDelegate.swift */,
			);
			path = Application;
			sourceTree = "<group>";
		};
		391867A72A1887AD0055A9EA /* Resources */ = {
			isa = PBXGroup;
			children = (
				3918679B2A1886C60055A9EA /* Assets.xcassets */,
				3918679D2A1886C60055A9EA /* LaunchScreen.storyboard */,
				391867A02A1886C60055A9EA /* Info.plist */,
			);
			path = Resources;
			sourceTree = "<group>";
		};
		391867A82A1887D40055A9EA /* Controllers */ = {
			isa = PBXGroup;
			children = (
				391867962A1886C50055A9EA /* MainViewController.swift */,
				391867B82A18D1DA0055A9EA /* DetailViewController.swift */,
			);
			path = Controllers;
			sourceTree = "<group>";
		};
		391867A92A188B330055A9EA /* Cells */ = {
			isa = PBXGroup;
			children = (
				391867AA2A188BB10055A9EA /* PhotosCollectionViewCell.swift */,
			);
			path = Cells;
			sourceTree = "<group>";
		};
		391867B12A18944A0055A9EA /* API */ = {
			isa = PBXGroup;
			children = (
				391867B42A1895560055A9EA /* ImageRequestManager.swift */,
			);
			path = API;
			sourceTree = "<group>";
		};
/* End PBXGroup section */

/* Begin PBXNativeTarget section */
		3918678E2A1886C50055A9EA /* TestTaskIT-Link */ = {
			isa = PBXNativeTarget;
			buildConfigurationList = 391867A32A1886C60055A9EA /* Build configuration list for PBXNativeTarget "TestTaskIT-Link" */;
			buildPhases = (
				3918678B2A1886C50055A9EA /* Sources */,
				3918678C2A1886C50055A9EA /* Frameworks */,
				3918678D2A1886C50055A9EA /* Resources */,
			);
			buildRules = (
			);
			dependencies = (
			);
			name = "TestTaskIT-Link";
			packageProductDependencies = (
				391867BB2A18E59A0055A9EA /* SDWebImage */,
			);
			productName = "TestTaskIT-Link";
			productReference = 3918678F2A1886C50055A9EA /* TestTaskIT-Link.app */;
			productType = "com.apple.product-type.application";
		};
/* End PBXNativeTarget section */

/* Begin PBXProject section */
		391867872A1886C50055A9EA /* Project object */ = {
			isa = PBXProject;
			attributes = {
				BuildIndependentTargetsInParallel = 1;
				LastSwiftUpdateCheck = 1320;
				LastUpgradeCheck = 1320;
				TargetAttributes = {
					3918678E2A1886C50055A9EA = {
						CreatedOnToolsVersion = 13.2.1;
					};
				};
			};
			buildConfigurationList = 3918678A2A1886C50055A9EA /* Build configuration list for PBXProject "TestTaskIT-Link" */;
			compatibilityVersion = "Xcode 13.0";
			developmentRegion = en;
			hasScannedForEncodings = 0;
			knownRegions = (
				en,
				Base,
			);
			mainGroup = 391867862A1886C50055A9EA;
			packageReferences = (
				391867BA2A18E59A0055A9EA /* XCRemoteSwiftPackageReference "SDWebImage" */,
			);
			productRefGroup = 391867902A1886C50055A9EA /* Products */;
			projectDirPath = "";
			projectRoot = "";
			targets = (
				3918678E2A1886C50055A9EA /* TestTaskIT-Link */,
			);
		};
/* End PBXProject section */

/* Begin PBXResourcesBuildPhase section */
		3918678D2A1886C50055A9EA /* Resources */ = {
			isa = PBXResourcesBuildPhase;
			buildActionMask = 2147483647;
			files = (
				3918679F2A1886C60055A9EA /* LaunchScreen.storyboard in Resources */,
				3918679C2A1886C60055A9EA /* Assets.xcassets in Resources */,
			);
			runOnlyForDeploymentPostprocessing = 0;
		};
/* End PBXResourcesBuildPhase section */

/* Begin PBXSourcesBuildPhase section */
		3918678B2A1886C50055A9EA /* Sources */ = {
			isa = PBXSourcesBuildPhase;
			buildActionMask = 2147483647;
			files = (
				391867972A1886C50055A9EA /* MainViewController.swift in Sources */,
				391867AB2A188BB10055A9EA /* PhotosCollectionViewCell.swift in Sources */,
				391867932A1886C50055A9EA /* AppDelegate.swift in Sources */,
				391867B52A1895560055A9EA /* ImageRequestManager.swift in Sources */,
				391867952A1886C50055A9EA /* SceneDelegate.swift in Sources */,
				391867B92A18D1DA0055A9EA /* DetailViewController.swift in Sources */,
			);
			runOnlyForDeploymentPostprocessing = 0;
		};
/* End PBXSourcesBuildPhase section */

/* Begin PBXVariantGroup section */
		3918679D2A1886C60055A9EA /* LaunchScreen.storyboard */ = {
			isa = PBXVariantGroup;
			children = (
				3918679E2A1886C60055A9EA /* Base */,
			);
			name = LaunchScreen.storyboard;
			sourceTree = "<group>";
		};
/* End PBXVariantGroup section */

/* Begin XCBuildConfiguration section */
		391867A12A1886C60055A9EA /* Debug */ = {
			isa = XCBuildConfiguration;
			buildSettings = {
				ALWAYS_SEARCH_USER_PATHS = NO;
				CLANG_ANALYZER_NONNULL = YES;
				CLANG_ANALYZER_NUMBER_OBJECT_CONVERSION = YES_AGGRESSIVE;
				CLANG_CXX_LANGUAGE_STANDARD = "gnu++17";
				CLANG_CXX_LIBRARY = "libc++";
				CLANG_ENABLE_MODULES = YES;
				CLANG_ENABLE_OBJC_ARC = YES;
				CLANG_ENABLE_OBJC_WEAK = YES;
				CLANG_WARN_BLOCK_CAPTURE_AUTORELEASING = YES;
				CLANG_WARN_BOOL_CONVERSION = YES;
				CLANG_WARN_COMMA = YES;
				CLANG_WARN_CONSTANT_CONVERSION = YES;
				CLANG_WARN_DEPRECATED_OBJC_IMPLEMENTATIONS = YES;
				CLANG_WARN_DIRECT_OBJC_ISA_USAGE = YES_ERROR;
				CLANG_WARN_DOCUMENTATION_COMMENTS = YES;
				CLANG_WARN_EMPTY_BODY = YES;
				CLANG_WARN_ENUM_CONVERSION = YES;
				CLANG_WARN_INFINITE_RECURSION = YES;
				CLANG_WARN_INT_CONVERSION = YES;
				CLANG_WARN_NON_LITERAL_NULL_CONVERSION = YES;
				CLANG_WARN_OBJC_IMPLICIT_RETAIN_SELF = YES;
				CLANG_WARN_OBJC_LITERAL_CONVERSION = YES;
				CLANG_WARN_OBJC_ROOT_CLASS = YES_ERROR;
				CLANG_WARN_QUOTED_INCLUDE_IN_FRAMEWORK_HEADER = YES;
				CLANG_WARN_RANGE_LOOP_ANALYSIS = YES;
				CLANG_WARN_STRICT_PROTOTYPES = YES;
				CLANG_WARN_SUSPICIOUS_MOVE = YES;
				CLANG_WARN_UNGUARDED_AVAILABILITY = YES_AGGRESSIVE;
				CLANG_WARN_UNREACHABLE_CODE = YES;
				CLANG_WARN__DUPLICATE_METHOD_MATCH = YES;
				COPY_PHASE_STRIP = NO;
				DEBUG_INFORMATION_FORMAT = dwarf;
				ENABLE_STRICT_OBJC_MSGSEND = YES;
				ENABLE_TESTABILITY = YES;
				GCC_C_LANGUAGE_STANDARD = gnu11;
				GCC_DYNAMIC_NO_PIC = NO;
				GCC_NO_COMMON_BLOCKS = YES;
				GCC_OPTIMIZATION_LEVEL = 0;
				GCC_PREPROCESSOR_DEFINITIONS = (
					"DEBUG=1",
					"$(inherited)",
				);
				GCC_WARN_64_TO_32_BIT_CONVERSION = YES;
				GCC_WARN_ABOUT_RETURN_TYPE = YES_ERROR;
				GCC_WARN_UNDECLARED_SELECTOR = YES;
				GCC_WARN_UNINITIALIZED_AUTOS = YES_AGGRESSIVE;
				GCC_WARN_UNUSED_FUNCTION = YES;
				GCC_WARN_UNUSED_VARIABLE = YES;
				IPHONEOS_DEPLOYMENT_TARGET = 15.2;
				MTL_ENABLE_DEBUG_INFO = INCLUDE_SOURCE;
				MTL_FAST_MATH = YES;
				ONLY_ACTIVE_ARCH = YES;
				SDKROOT = iphoneos;
				SWIFT_ACTIVE_COMPILATION_CONDITIONS = DEBUG;
				SWIFT_OPTIMIZATION_LEVEL = "-Onone";
			};
			name = Debug;
		};
		391867A22A1886C60055A9EA /* Release */ = {
			isa = XCBuildConfiguration;
			buildSettings = {
				ALWAYS_SEARCH_USER_PATHS = NO;
				CLANG_ANALYZER_NONNULL = YES;
				CLANG_ANALYZER_NUMBER_OBJECT_CONVERSION = YES_AGGRESSIVE;
				CLANG_CXX_LANGUAGE_STANDARD = "gnu++17";
				CLANG_CXX_LIBRARY = "libc++";
				CLANG_ENABLE_MODULES = YES;
				CLANG_ENABLE_OBJC_ARC = YES;
				CLANG_ENABLE_OBJC_WEAK = YES;
				CLANG_WARN_BLOCK_CAPTURE_AUTORELEASING = YES;
				CLANG_WARN_BOOL_CONVERSION = YES;
				CLANG_WARN_COMMA = YES;
				CLANG_WARN_CONSTANT_CONVERSION = YES;
				CLANG_WARN_DEPRECATED_OBJC_IMPLEMENTATIONS = YES;
				CLANG_WARN_DIRECT_OBJC_ISA_USAGE = YES_ERROR;
				CLANG_WARN_DOCUMENTATION_COMMENTS = YES;
				CLANG_WARN_EMPTY_BODY = YES;
				CLANG_WARN_ENUM_CONVERSION = YES;
				CLANG_WARN_INFINITE_RECURSION = YES;
				CLANG_WARN_INT_CONVERSION = YES;
				CLANG_WARN_NON_LITERAL_NULL_CONVERSION = YES;
				CLANG_WARN_OBJC_IMPLICIT_RETAIN_SELF = YES;
				CLANG_WARN_OBJC_LITERAL_CONVERSION = YES;
				CLANG_WARN_OBJC_ROOT_CLASS = YES_ERROR;
				CLANG_WARN_QUOTED_INCLUDE_IN_FRAMEWORK_HEADER = YES;
				CLANG_WARN_RANGE_LOOP_ANALYSIS = YES;
				CLANG_WARN_STRICT_PROTOTYPES = YES;
				CLANG_WARN_SUSPICIOUS_MOVE = YES;
				CLANG_WARN_UNGUARDED_AVAILABILITY = YES_AGGRESSIVE;
				CLANG_WARN_UNREACHABLE_CODE = YES;
				CLANG_WARN__DUPLICATE_METHOD_MATCH = YES;
				COPY_PHASE_STRIP = NO;
				DEBUG_INFORMATION_FORMAT = "dwarf-with-dsym";
				ENABLE_NS_ASSERTIONS = NO;
				ENABLE_STRICT_OBJC_MSGSEND = YES;
				GCC_C_LANGUAGE_STANDARD = gnu11;
				GCC_NO_COMMON_BLOCKS = YES;
				GCC_WARN_64_TO_32_BIT_CONVERSION = YES;
				GCC_WARN_ABOUT_RETURN_TYPE = YES_ERROR;
				GCC_WARN_UNDECLARED_SELECTOR = YES;
				GCC_WARN_UNINITIALIZED_AUTOS = YES_AGGRESSIVE;
				GCC_WARN_UNUSED_FUNCTION = YES;
				GCC_WARN_UNUSED_VARIABLE = YES;
				IPHONEOS_DEPLOYMENT_TARGET = 15.2;
				MTL_ENABLE_DEBUG_INFO = NO;
				MTL_FAST_MATH = YES;
				SDKROOT = iphoneos;
				SWIFT_COMPILATION_MODE = wholemodule;
				SWIFT_OPTIMIZATION_LEVEL = "-O";
				VALIDATE_PRODUCT = YES;
			};
			name = Release;
		};
		391867A42A1886C60055A9EA /* Debug */ = {
			isa = XCBuildConfiguration;
			buildSettings = {
				ASSETCATALOG_COMPILER_APPICON_NAME = AppIcon;
				ASSETCATALOG_COMPILER_GLOBAL_ACCENT_COLOR_NAME = AccentColor;
				CODE_SIGN_STYLE = Automatic;
				CURRENT_PROJECT_VERSION = 1;
				DEVELOPMENT_TEAM = "";
				GENERATE_INFOPLIST_FILE = YES;
				INFOPLIST_FILE = "TestTaskIT-Link/Resources/Info.plist";
				INFOPLIST_KEY_UIApplicationSupportsIndirectInputEvents = YES;
				INFOPLIST_KEY_UILaunchStoryboardName = LaunchScreen;
				INFOPLIST_KEY_UISupportedInterfaceOrientations = "UIInterfaceOrientationPortrait UIInterfaceOrientationLandscapeLeft UIInterfaceOrientationLandscapeRight";
				INFOPLIST_KEY_UISupportedInterfaceOrientations_iPad = "UIInterfaceOrientationPortrait UIInterfaceOrientationPortraitUpsideDown UIInterfaceOrientationLandscapeLeft UIInterfaceOrientationLandscapeRight";
				INFOPLIST_KEY_UISupportedInterfaceOrientations_iPhone = "UIInterfaceOrientationPortrait UIInterfaceOrientationLandscapeLeft UIInterfaceOrientationLandscapeRight";
				LD_RUNPATH_SEARCH_PATHS = (
					"$(inherited)",
					"@executable_path/Frameworks",
				);
				MARKETING_VERSION = 1.0;
				PRODUCT_BUNDLE_IDENTIFIER = "ru.swiftme.TestTaskIT-Link";
				PRODUCT_NAME = "$(TARGET_NAME)";
				SWIFT_EMIT_LOC_STRINGS = YES;
				SWIFT_VERSION = 5.0;
				TARGETED_DEVICE_FAMILY = 1;
			};
			name = Debug;
		};
		391867A52A1886C60055A9EA /* Release */ = {
			isa = XCBuildConfiguration;
			buildSettings = {
				ASSETCATALOG_COMPILER_APPICON_NAME = AppIcon;
				ASSETCATALOG_COMPILER_GLOBAL_ACCENT_COLOR_NAME = AccentColor;
				CODE_SIGN_STYLE = Automatic;
				CURRENT_PROJECT_VERSION = 1;
				DEVELOPMENT_TEAM = "";
				GENERATE_INFOPLIST_FILE = YES;
				INFOPLIST_FILE = "TestTaskIT-Link/Resources/Info.plist";
				INFOPLIST_KEY_UIApplicationSupportsIndirectInputEvents = YES;
				INFOPLIST_KEY_UILaunchStoryboardName = LaunchScreen;
				INFOPLIST_KEY_UISupportedInterfaceOrientations = "UIInterfaceOrientationPortrait UIInterfaceOrientationLandscapeLeft UIInterfaceOrientationLandscapeRight";
				INFOPLIST_KEY_UISupportedInterfaceOrientations_iPad = "UIInterfaceOrientationPortrait UIInterfaceOrientationPortraitUpsideDown UIInterfaceOrientationLandscapeLeft UIInterfaceOrientationLandscapeRight";
				INFOPLIST_KEY_UISupportedInterfaceOrientations_iPhone = "UIInterfaceOrientationPortrait UIInterfaceOrientationLandscapeLeft UIInterfaceOrientationLandscapeRight";
				LD_RUNPATH_SEARCH_PATHS = (
					"$(inherited)",
					"@executable_path/Frameworks",
				);
				MARKETING_VERSION = 1.0;
				PRODUCT_BUNDLE_IDENTIFIER = "ru.swiftme.TestTaskIT-Link";
				PRODUCT_NAME = "$(TARGET_NAME)";
				SWIFT_EMIT_LOC_STRINGS = YES;
				SWIFT_VERSION = 5.0;
				TARGETED_DEVICE_FAMILY = 1;
			};
			name = Release;
		};
/* End XCBuildConfiguration section */

/* Begin XCConfigurationList section */
		3918678A2A1886C50055A9EA /* Build configuration list for PBXProject "TestTaskIT-Link" */ = {
			isa = XCConfigurationList;
			buildConfigurations = (
				391867A12A1886C60055A9EA /* Debug */,
				391867A22A1886C60055A9EA /* Release */,
			);
			defaultConfigurationIsVisible = 0;
			defaultConfigurationName = Release;
		};
		391867A32A1886C60055A9EA /* Build configuration list for PBXNativeTarget "TestTaskIT-Link" */ = {
			isa = XCConfigurationList;
			buildConfigurations = (
				391867A42A1886C60055A9EA /* Debug */,
				391867A52A1886C60055A9EA /* Release */,
			);
			defaultConfigurationIsVisible = 0;
			defaultConfigurationName = Release;
		};
/* End XCConfigurationList section */

/* Begin XCRemoteSwiftPackageReference section */
		391867BA2A18E59A0055A9EA /* XCRemoteSwiftPackageReference "SDWebImage" */ = {
			isa = XCRemoteSwiftPackageReference;
			repositoryURL = "https://github.com/SDWebImage/SDWebImage.git";
			requirement = {
				kind = upToNextMajorVersion;
				minimumVersion = 5.0.0;
			};
		};
/* End XCRemoteSwiftPackageReference section */

/* Begin XCSwiftPackageProductDependency section */
		391867BB2A18E59A0055A9EA /* SDWebImage */ = {
			isa = XCSwiftPackageProductDependency;
			package = 391867BA2A18E59A0055A9EA /* XCRemoteSwiftPackageReference "SDWebImage" */;
			productName = SDWebImage;
		};
/* End XCSwiftPackageProductDependency section */
	};
	rootObject = 391867872A1886C50055A9EA /* Project object */;
}
